
Microsoft Visual Studio Solution File, Format Version 12.00
# Visual Studio Version 17
VisualStudioVersion = 17.8.34309.116
MinimumVisualStudioVersion = 10.0.40219.1
Project("{9A19103F-16F7-4668-BE54-9A1E7A4F7556}") = "NZWalkAPI", "NZWalkAPI\NZWalkAPI.csproj", "{6DE96082-3D0B-4552-8CED-F252DC4BC495}"
EndProject
Project("{FAE04EC0-301F-11D3-BF4B-00C04F79EFBC}") = "NZWalks.UI", "NZWalks.UI\NZWalks.UI.csproj", "{3108E33F-CBC8-493B-8DA1-B578278D65EB}"
EndProject
Global
	GlobalSection(SolutionConfigurationPlatforms) = preSolution
		Debug|Any CPU = Debug|Any CPU
		Release|Any CPU = Release|Any CPU
	EndGlobalSection
	GlobalSection(ProjectConfigurationPlatforms) = postSolution
		{6DE96082-3D0B-4552-8CED-F252DC4BC495}.Debug|Any CPU.ActiveCfg = Debug|Any CPU
		{6DE96082-3D0B-4552-8CED-F252DC4BC495}.Debug|Any CPU.Build.0 = Debug|Any CPU
		{6DE96082-3D0B-4552-8CED-F252DC4BC495}.Release|Any CPU.ActiveCfg = Release|Any CPU
		{6DE96082-3D0B-4552-8CED-F252DC4BC495}.Release|Any CPU.Build.0 = Release|Any CPU
		{3108E33F-CBC8-493B-8DA1-B578278D65EB}.Debug|Any CPU.ActiveCfg = Debug|Any CPU
		{3108E33F-CBC8-493B-8DA1-B578278D65EB}.Debug|Any CPU.Build.0 = Debug|Any CPU
		{3108E33F-CBC8-493B-8DA1-B578278D65EB}.Release|Any CPU.ActiveCfg = Release|Any CPU
		{3108E33F-CBC8-493B-8DA1-B578278D65EB}.Release|Any CPU.Build.0 = Release|Any CPU
	EndGlobalSection
	GlobalSection(SolutionProperties) = preSolution
		HideSolutionNode = FALSE
	EndGlobalSection
	GlobalSection(ExtensibilityGlobals) = postSolution
		SolutionGuid = {E8FC7A22-C48C-447C-8C87-4717D008FA8F}
	EndGlobalSection
EndGlobal
